
Microsoft Visual Studio Solution File, Format Version 12.00
# Visual Studio Version 16
VisualStudioVersion = 16.0.30225.117
MinimumVisualStudioVersion = 10.0.40219.1
Project("{FAE04EC0-301F-11D3-BF4B-00C04F79EFBC}") = "Hangman", "Hangman\Hangman.csproj", "{EA20D888-BE09-4BD9-9F93-0D4DC31C5E6F}"
EndProject
Project("{FAE04EC0-301F-11D3-BF4B-00C04F79EFBC}") = "HangmanTests", "HangmanTests\HangmanTests.csproj", "{2854E9C9-96CC-4B74-8C63-B7A0D6ECC9B4}"
EndProject
Global
	GlobalSection(SolutionConfigurationPlatforms) = preSolution
		Debug|Any CPU = Debug|Any CPU
		Release|Any CPU = Release|Any CPU
	EndGlobalSection
	GlobalSection(ProjectConfigurationPlatforms) = postSolution
		{EA20D888-BE09-4BD9-9F93-0D4DC31C5E6F}.Debug|Any CPU.ActiveCfg = Debug|Any CPU
		{EA20D888-BE09-4BD9-9F93-0D4DC31C5E6F}.Debug|Any CPU.Build.0 = Debug|Any CPU
		{EA20D888-BE09-4BD9-9F93-0D4DC31C5E6F}.Release|Any CPU.ActiveCfg = Release|Any CPU
		{EA20D888-BE09-4BD9-9F93-0D4DC31C5E6F}.Release|Any CPU.Build.0 = Release|Any CPU
		{2854E9C9-96CC-4B74-8C63-B7A0D6ECC9B4}.Debug|Any CPU.ActiveCfg = Debug|Any CPU
		{2854E9C9-96CC-4B74-8C63-B7A0D6ECC9B4}.Debug|Any CPU.Build.0 = Debug|Any CPU
		{2854E9C9-96CC-4B74-8C63-B7A0D6ECC9B4}.Release|Any CPU.ActiveCfg = Release|Any CPU
		{2854E9C9-96CC-4B74-8C63-B7A0D6ECC9B4}.Release|Any CPU.Build.0 = Release|Any CPU
	EndGlobalSection
	GlobalSection(SolutionProperties) = preSolution
		HideSolutionNode = FALSE
	EndGlobalSection
	GlobalSection(ExtensibilityGlobals) = postSolution
		SolutionGuid = {3DB0A2BA-C883-4002-817E-22F3F7D39A11}
	EndGlobalSection
EndGlobal
